{
  "version": 4,
  "terraform_version": "1.2.7",
  "serial": 29,
  "lineage": "b8176542-94d4-6f2c-2292-471dcd5f92cd",
  "outputs": {
    "http_tcp_listener_arns": {
      "value": [
        "arn:aws:elasticloadbalancing:us-east-1:564632454894:listener/net/dev-test/9a0cf76c53d996eb/c2b703df57561349",
        "arn:aws:elasticloadbalancing:us-east-1:564632454894:listener/net/dev-test/9a0cf76c53d996eb/2526b5aad2cc9bcf"
      ],
      "type": [
        "tuple",
        [
          "string",
          "string"
        ]
      ]
    },
    "http_tcp_listener_ids": {
      "value": [
        "arn:aws:elasticloadbalancing:us-east-1:564632454894:listener/net/dev-test/9a0cf76c53d996eb/c2b703df57561349",
        "arn:aws:elasticloadbalancing:us-east-1:564632454894:listener/net/dev-test/9a0cf76c53d996eb/2526b5aad2cc9bcf"
      ],
      "type": [
        "tuple",
        [
          "string",
          "string"
        ]
      ]
    },
    "https_listener_arns": {
      "value": [],
      "type": [
        "tuple",
        []
      ]
    },
    "https_listener_ids": {
      "value": [],
      "type": [
        "tuple",
        []
      ]
    },
    "lb_arn": {
      "value": "arn:aws:elasticloadbalancing:us-east-1:564632454894:loadbalancer/net/dev-test/9a0cf76c53d996eb",
      "type": "string"
    },
    "lb_arn_suffix": {
      "value": "net/dev-test/9a0cf76c53d996eb",
      "type": "string"
    },
    "lb_dns_name": {
      "value": "dev-test-9a0cf76c53d996eb.elb.us-east-1.amazonaws.com",
      "type": "string"
    },
    "lb_id": {
      "value": "arn:aws:elasticloadbalancing:us-east-1:564632454894:loadbalancer/net/dev-test/9a0cf76c53d996eb",
      "type": "string"
    },
    "lb_zone_id": {
      "value": "Z26RNL4JYFTOTI",
      "type": "string"
    },
    "target_group_arn_suffixes": {
      "value": [
        "targetgroup/tu1-20220924101350455400000002/70e9960b22b54da5",
        "targetgroup/u1-20220924101350454100000001/f5782b6d9ca8b59c"
      ],
      "type": [
        "tuple",
        [
          "string",
          "string"
        ]
      ]
    },
    "target_group_arns": {
      "value": [
        "arn:aws:elasticloadbalancing:us-east-1:564632454894:targetgroup/tu1-20220924101350455400000002/70e9960b22b54da5",
        "arn:aws:elasticloadbalancing:us-east-1:564632454894:targetgroup/u1-20220924101350454100000001/f5782b6d9ca8b59c"
      ],
      "type": [
        "tuple",
        [
          "string",
          "string"
        ]
      ]
    },
    "target_group_names": {
      "value": [
        "tu1-20220924101350455400000002",
        "u1-20220924101350454100000001"
      ],
      "type": [
        "tuple",
        [
          "string",
          "string"
        ]
      ]
    }
  },
  "resources": [
    {
      "mode": "managed",
      "type": "aws_eip",
      "name": "main",
      "provider": "provider[\"registry.terraform.io/hashicorp/aws\"]",
      "instances": [
        {
          "index_key": "subnet-05ab8927376edd72d",
          "schema_version": 0,
          "attributes": {
            "address": null,
            "allocation_id": "eipalloc-0cdc9a5b3c921bac2",
            "associate_with_private_ip": null,
            "association_id": "",
            "carrier_ip": "",
            "customer_owned_ip": "",
            "customer_owned_ipv4_pool": "",
            "domain": "vpc",
            "id": "eipalloc-0cdc9a5b3c921bac2",
            "instance": "",
            "network_border_group": "us-east-1",
            "network_interface": "",
            "private_dns": null,
            "private_ip": "",
            "public_dns": "ec2-44-206-63-22.compute-1.amazonaws.com",
            "public_ip": "44.206.63.22",
            "public_ipv4_pool": "amazon",
            "tags": null,
            "tags_all": {},
            "timeouts": null,
            "vpc": true
          },
          "sensitive_attributes": [],
          "private": "eyJlMmJmYjczMC1lY2FhLTExZTYtOGY4OC0zNDM2M2JjN2M0YzAiOnsiZGVsZXRlIjoxODAwMDAwMDAwMDAsInJlYWQiOjkwMDAwMDAwMDAwMCwidXBkYXRlIjozMDAwMDAwMDAwMDB9fQ=="
        },
        {
          "index_key": "subnet-08e016bba3c97a15f",
          "schema_version": 0,
          "attributes": {
            "address": null,
            "allocation_id": "eipalloc-07d2f1d3d934217ce",
            "associate_with_private_ip": null,
            "association_id": "",
            "carrier_ip": "",
            "customer_owned_ip": "",
            "customer_owned_ipv4_pool": "",
            "domain": "vpc",
            "id": "eipalloc-07d2f1d3d934217ce",
            "instance": "",
            "network_border_group": "us-east-1",
            "network_interface": "",
            "private_dns": null,
            "private_ip": "",
            "public_dns": "ec2-52-6-117-177.compute-1.amazonaws.com",
            "public_ip": "52.6.117.177",
            "public_ipv4_pool": "amazon",
            "tags": null,
            "tags_all": {},
            "timeouts": null,
            "vpc": true
          },
          "sensitive_attributes": [],
          "private": "eyJlMmJmYjczMC1lY2FhLTExZTYtOGY4OC0zNDM2M2JjN2M0YzAiOnsiZGVsZXRlIjoxODAwMDAwMDAwMDAsInJlYWQiOjkwMDAwMDAwMDAwMCwidXBkYXRlIjozMDAwMDAwMDAwMDB9fQ=="
        }
      ]
    },
    {
      "module": "module.nlb",
      "mode": "managed",
      "type": "aws_lb",
      "name": "this",
      "provider": "provider[\"registry.terraform.io/hashicorp/aws\"]",
      "instances": [
        {
          "index_key": 0,
          "schema_version": 0,
          "attributes": {
            "access_logs": [
              {
                "bucket": "",
                "enabled": false,
                "prefix": ""
              }
            ],
            "arn": "arn:aws:elasticloadbalancing:us-east-1:564632454894:loadbalancer/net/dev-test/9a0cf76c53d996eb",
            "arn_suffix": "net/dev-test/9a0cf76c53d996eb",
            "customer_owned_ipv4_pool": "",
            "desync_mitigation_mode": null,
            "dns_name": "dev-test-9a0cf76c53d996eb.elb.us-east-1.amazonaws.com",
            "drop_invalid_header_fields": null,
            "enable_cross_zone_load_balancing": false,
            "enable_deletion_protection": false,
            "enable_http2": null,
            "enable_waf_fail_open": null,
            "id": "arn:aws:elasticloadbalancing:us-east-1:564632454894:loadbalancer/net/dev-test/9a0cf76c53d996eb",
            "idle_timeout": null,
            "internal": false,
            "ip_address_type": "ipv4",
            "load_balancer_type": "network",
            "name": "dev-test",
            "name_prefix": null,
            "preserve_host_header": null,
            "security_groups": [],
            "subnet_mapping": [
              {
                "allocation_id": "eipalloc-07d2f1d3d934217ce",
                "ipv6_address": "",
                "outpost_id": "",
                "private_ipv4_address": "",
                "subnet_id": "subnet-08e016bba3c97a15f"
              },
              {
                "allocation_id": "eipalloc-0cdc9a5b3c921bac2",
                "ipv6_address": "",
                "outpost_id": "",
                "private_ipv4_address": "",
                "subnet_id": "subnet-05ab8927376edd72d"
              }
            ],
            "subnets": [
              "subnet-05ab8927376edd72d",
              "subnet-08e016bba3c97a15f"
            ],
            "tags": {
              "Environment": "dev",
              "ManagedBy": "Terraform",
              "Name": "dev-test"
            },
            "tags_all": {
              "Environment": "dev",
              "ManagedBy": "Terraform",
              "Name": "dev-test"
            },
            "timeouts": {
              "create": "10m",
              "delete": "10m",
              "update": "10m"
            },
            "vpc_id": "vpc-059a4df8c09409cf4",
            "zone_id": "Z26RNL4JYFTOTI"
          },
          "sensitive_attributes": [],
          "private": "eyJlMmJmYjczMC1lY2FhLTExZTYtOGY4OC0zNDM2M2JjN2M0YzAiOnsiY3JlYXRlIjo2MDAwMDAwMDAwMDAsImRlbGV0ZSI6NjAwMDAwMDAwMDAwLCJ1cGRhdGUiOjYwMDAwMDAwMDAwMH19",
          "dependencies": [
            "aws_eip.main"
          ]
        }
      ]
    },
    {
      "module": "module.nlb",
      "mode": "managed",
      "type": "aws_lb_listener",
      "name": "frontend_http_tcp",
      "provider": "provider[\"registry.terraform.io/hashicorp/aws\"]",
      "instances": [
        {
          "index_key": 0,
          "schema_version": 0,
          "attributes": {
            "alpn_policy": null,
            "arn": "arn:aws:elasticloadbalancing:us-east-1:564632454894:listener/net/dev-test/9a0cf76c53d996eb/c2b703df57561349",
            "certificate_arn": null,
            "default_action": [
              {
                "authenticate_cognito": [],
                "authenticate_oidc": [],
                "fixed_response": [],
                "forward": [],
                "order": 1,
                "redirect": [],
                "target_group_arn": "arn:aws:elasticloadbalancing:us-east-1:564632454894:targetgroup/tu1-20220924101350455400000002/70e9960b22b54da5",
                "type": "forward"
              }
            ],
            "id": "arn:aws:elasticloadbalancing:us-east-1:564632454894:listener/net/dev-test/9a0cf76c53d996eb/c2b703df57561349",
            "load_balancer_arn": "arn:aws:elasticloadbalancing:us-east-1:564632454894:loadbalancer/net/dev-test/9a0cf76c53d996eb",
            "port": 81,
            "protocol": "TCP_UDP",
            "ssl_policy": "",
            "tags": {
              "Environment": "dev",
              "ManagedBy": "Terraform"
            },
            "tags_all": {
              "Environment": "dev",
              "ManagedBy": "Terraform"
            },
            "timeouts": null
          },
          "sensitive_attributes": [],
          "private": "eyJlMmJmYjczMC1lY2FhLTExZTYtOGY4OC0zNDM2M2JjN2M0YzAiOnsicmVhZCI6NjAwMDAwMDAwMDAwfX0=",
          "dependencies": [
            "aws_eip.main",
            "module.nlb.aws_lb.this",
            "module.nlb.aws_lb_target_group.main"
          ]
        },
        {
          "index_key": 1,
          "schema_version": 0,
          "attributes": {
            "alpn_policy": null,
            "arn": "arn:aws:elasticloadbalancing:us-east-1:564632454894:listener/net/dev-test/9a0cf76c53d996eb/2526b5aad2cc9bcf",
            "certificate_arn": null,
            "default_action": [
              {
                "authenticate_cognito": [],
                "authenticate_oidc": [],
                "fixed_response": [],
                "forward": [],
                "order": 1,
                "redirect": [],
                "target_group_arn": "arn:aws:elasticloadbalancing:us-east-1:564632454894:targetgroup/u1-20220924101350454100000001/f5782b6d9ca8b59c",
                "type": "forward"
              }
            ],
            "id": "arn:aws:elasticloadbalancing:us-east-1:564632454894:listener/net/dev-test/9a0cf76c53d996eb/2526b5aad2cc9bcf",
            "load_balancer_arn": "arn:aws:elasticloadbalancing:us-east-1:564632454894:loadbalancer/net/dev-test/9a0cf76c53d996eb",
            "port": 82,
            "protocol": "UDP",
            "ssl_policy": "",
            "tags": {
              "Environment": "dev",
              "ManagedBy": "Terraform"
            },
            "tags_all": {
              "Environment": "dev",
              "ManagedBy": "Terraform"
            },
            "timeouts": null
          },
          "sensitive_attributes": [],
          "private": "eyJlMmJmYjczMC1lY2FhLTExZTYtOGY4OC0zNDM2M2JjN2M0YzAiOnsicmVhZCI6NjAwMDAwMDAwMDAwfX0=",
          "dependencies": [
            "aws_eip.main",
            "module.nlb.aws_lb.this",
            "module.nlb.aws_lb_target_group.main"
          ]
        }
      ]
    },
    {
      "module": "module.nlb",
      "mode": "managed",
      "type": "aws_lb_target_group",
      "name": "main",
      "provider": "provider[\"registry.terraform.io/hashicorp/aws\"]",
      "instances": [
        {
          "index_key": 0,
          "schema_version": 0,
          "attributes": {
            "arn": "arn:aws:elasticloadbalancing:us-east-1:564632454894:targetgroup/tu1-20220924101350455400000002/70e9960b22b54da5",
            "arn_suffix": "targetgroup/tu1-20220924101350455400000002/70e9960b22b54da5",
            "connection_termination": true,
            "deregistration_delay": "300",
            "health_check": [
              {
                "enabled": true,
                "healthy_threshold": 3,
                "interval": 30,
                "matcher": "",
                "path": "",
                "port": "traffic-port",
                "protocol": "TCP",
                "timeout": 10,
                "unhealthy_threshold": 3
              }
            ],
            "id": "arn:aws:elasticloadbalancing:us-east-1:564632454894:targetgroup/tu1-20220924101350455400000002/70e9960b22b54da5",
            "ip_address_type": null,
            "lambda_multi_value_headers_enabled": false,
            "load_balancing_algorithm_type": null,
            "name": "tu1-20220924101350455400000002",
            "name_prefix": "tu1-",
            "port": 81,
            "preserve_client_ip": "true",
            "protocol": "TCP_UDP",
            "protocol_version": null,
            "proxy_protocol_v2": false,
            "slow_start": 0,
            "stickiness": [
              {
                "cookie_duration": 0,
                "cookie_name": "",
                "enabled": false,
                "type": "source_ip"
              }
            ],
            "tags": {
              "Environment": "dev",
              "ManagedBy": "Terraform",
              "Name": "tu1-",
              "tcp_udp": "true"
            },
            "tags_all": {
              "Environment": "dev",
              "ManagedBy": "Terraform",
              "Name": "tu1-",
              "tcp_udp": "true"
            },
            "target_type": "ip",
            "vpc_id": "vpc-059a4df8c09409cf4"
          },
          "sensitive_attributes": [],
          "private": "bnVsbA==",
          "create_before_destroy": true
        },
        {
          "index_key": 1,
          "schema_version": 0,
          "attributes": {
            "arn": "arn:aws:elasticloadbalancing:us-east-1:564632454894:targetgroup/u1-20220924101350454100000001/f5782b6d9ca8b59c",
            "arn_suffix": "targetgroup/u1-20220924101350454100000001/f5782b6d9ca8b59c",
            "connection_termination": false,
            "deregistration_delay": "300",
            "health_check": [
              {
                "enabled": true,
                "healthy_threshold": 3,
                "interval": 30,
                "matcher": "",
                "path": "",
                "port": "traffic-port",
                "protocol": "TCP",
                "timeout": 10,
                "unhealthy_threshold": 3
              }
            ],
            "id": "arn:aws:elasticloadbalancing:us-east-1:564632454894:targetgroup/u1-20220924101350454100000001/f5782b6d9ca8b59c",
            "ip_address_type": null,
            "lambda_multi_value_headers_enabled": false,
            "load_balancing_algorithm_type": null,
            "name": "u1-20220924101350454100000001",
            "name_prefix": "u1-",
            "port": 82,
            "preserve_client_ip": "true",
            "protocol": "UDP",
            "protocol_version": null,
            "proxy_protocol_v2": false,
            "slow_start": 0,
            "stickiness": [
              {
                "cookie_duration": 0,
                "cookie_name": "",
                "enabled": false,
                "type": "source_ip"
              }
            ],
            "tags": {
              "Environment": "dev",
              "ManagedBy": "Terraform",
              "Name": "u1-"
            },
            "tags_all": {
              "Environment": "dev",
              "ManagedBy": "Terraform",
              "Name": "u1-"
            },
            "target_type": "ip",
            "vpc_id": "vpc-059a4df8c09409cf4"
          },
          "sensitive_attributes": [],
          "private": "bnVsbA==",
          "create_before_destroy": true
        }
      ]
    }
  ]
}
