{
  "version": 4,
  "terraform_version": "1.2.5",
  "serial": 2,
  "lineage": "5b8e8f74-45ea-37df-4def-3ea184554b65",
  "outputs": {
    "arn": {
      "value": "arn:aws:iam::550328855343:policy/dev-test",
      "type": "string"
    },
    "id": {
      "value": "arn:aws:iam::550328855343:policy/dev-test",
      "type": "string"
    }
  },
  "resources": [
    {
      "mode": "data",
      "type": "aws_iam_policy_document",
      "name": "policy",
      "provider": "provider[\"registry.terraform.io/hashicorp/aws\"]",
      "instances": [
        {
          "schema_version": 0,
          "attributes": {
            "id": "1369356162",
            "json": "{\n  \"Version\": \"2012-10-17\",\n  \"Statement\": [\n    {\n      \"Sid\": \"AllowS3Access\",\n      \"Effect\": \"Allow\",\n      \"Action\": \"s3:ListAllMyBuckets\",\n      \"Resource\": [\n        \"arn:aws:s3:::dev-icrop-fleet-imgs/*\",\n        \"arn:aws:s3:::dev-icrop-fleet-imgs\"\n      ]\n    }\n  ]\n}",
            "override_json": null,
            "override_policy_documents": null,
            "policy_id": null,
            "source_json": null,
            "source_policy_documents": null,
            "statement": [
              {
                "actions": [
                  "s3:ListAllMyBuckets"
                ],
                "condition": [],
                "effect": "Allow",
                "not_actions": [],
                "not_principals": [],
                "not_resources": [],
                "principals": [],
                "resources": [
                  "arn:aws:s3:::dev-icrop-fleet-imgs",
                  "arn:aws:s3:::dev-icrop-fleet-imgs/*"
                ],
                "sid": "AllowS3Access"
              }
            ],
            "version": "2012-10-17"
          },
          "sensitive_attributes": []
        }
      ]
    },
    {
      "module": "module.policy",
      "mode": "managed",
      "type": "aws_iam_policy",
      "name": "policy",
      "provider": "provider[\"registry.terraform.io/hashicorp/aws\"]",
      "instances": [
        {
          "index_key": 0,
          "schema_version": 0,
          "attributes": {
            "arn": "arn:aws:iam::550328855343:policy/dev-test",
            "description": "IAM Policy",
            "id": "arn:aws:iam::550328855343:policy/dev-test",
            "name": "dev-test",
            "name_prefix": null,
            "path": "/",
            "policy": "{\"Statement\":[{\"Action\":\"s3:ListAllMyBuckets\",\"Effect\":\"Allow\",\"Resource\":[\"arn:aws:s3:::dev-icrop-fleet-imgs/*\",\"arn:aws:s3:::dev-icrop-fleet-imgs\"],\"Sid\":\"AllowS3Access\"}],\"Version\":\"2012-10-17\"}",
            "policy_id": "ANPAYAIRH5MXYETONBMO4",
            "tags": {
              "Environment": "dev",
              "ManagedBy": "Terraform"
            },
            "tags_all": {
              "Environment": "dev",
              "ManagedBy": "Terraform"
            }
          },
          "sensitive_attributes": [],
          "private": "bnVsbA==",
          "dependencies": [
            "data.aws_iam_policy_document.policy"
          ]
        }
      ]
    }
  ]
}
